hash: 1bfed86ed37df48f17c9ecfba1e2b3b9fd39f6dea3792cb52dd7041ce9c05a9f
updated: 2017-06-02T17:26:01.2327173+08:00
imports:
- name: github.com/armon/go-metrics
  version: f036747b9d0e8590f175a5d654a2194a7d9df4b5
  subpackages:
  - datadog
- name: github.com/armon/go-radix
  version: 4239b77079c7b5d1243b7b4736304ce8ddb6f0f2
- name: github.com/aws/aws-sdk-go
  version: fa107560b5f3528a859a1a1511086646731bb1a8
  subpackages:
  - aws
  - aws/awserr
  - aws/awsutil
  - aws/client
  - aws/client/metadata
  - aws/corehandlers
  - aws/credentials
  - aws/credentials/ec2rolecreds
  - aws/credentials/endpointcreds
  - aws/credentials/stscreds
  - aws/defaults
  - aws/ec2metadata
  - aws/endpoints
  - aws/request
  - aws/session
  - aws/signer/v4
  - internal/shareddefaults
  - private/protocol
  - private/protocol/query
  - private/protocol/query/queryutil
  - private/protocol/rest
  - private/protocol/restxml
  - private/protocol/xml/xmlutil
  - service/s3
  - service/sts
- name: github.com/bgentry/go-netrc
  version: 9fd32a8b3d3d3f9d43c341bfe098430e07609480
  subpackages:
  - netrc
- name: github.com/bgentry/speakeasy
  version: 4aabc24848ce5fd31929f7d1e4ea74d3709c14cd
- name: github.com/boltdb/bolt
  version: d97499360d1ecebc492ea66c7447ea948f417620
- name: github.com/DataDog/datadog-go
  version: 4bf1c1105b95d4abdfec7f2added80203dce2482
  subpackages:
  - statsd
- name: github.com/docker/leadership
  version: 0a913e2d71a12fd14a028452435cb71ac8d82cb6
- name: github.com/docker/libkv
  version: 1d8431073ae03cdaedb198a89722f3aab6d418ef
  subpackages:
  - store
  - store/consul
- name: github.com/go-ini/ini
  version: afbc45e87f3ba324c532d12c71918ef52e0fb194
- name: github.com/go-ole/go-ole
  version: 02d3668a0cf01f58411cc85cd37c174c257ec7c2
  subpackages:
  - oleutil
- name: github.com/go-sql-driver/mysql
  version: e3f0fdcf52770a162d5a4540ddb8d9957ff456d1
- name: github.com/gogo/protobuf
  version: 99cb9b23110011cc45571c901ecae6f6f5e65cd3
  repo: https://github.com/gogo/protobuf
  subpackages:
  - gogoproto
  - proto
  - protoc-gen-gogo/descriptor
- name: github.com/golang/protobuf
  version: df1d3ca07d2d07bba352d5b73c4313b4e2a6203e
  subpackages:
  - proto
- name: github.com/golang/snappy
  version: 723cc1e459b8eea2dea4583200fd60757d40097a
- name: github.com/hashicorp/consul
  version: 68cac3d40cabed0870ad78d0d01470f18c73a981
  subpackages:
  - api
  - lib
- name: github.com/hashicorp/errwrap
  version: 7554cd9344cec97297fa6649b055a8c98c2a1e55
- name: github.com/hashicorp/go-cleanhttp
  version: 3573b8b52aa7b37b9358d966a898feb387f62437
- name: github.com/hashicorp/go-getter
  version: 90b6568eac830f62a08e8f1f46375daa63e57015
  subpackages:
  - helper/url
- name: github.com/hashicorp/go-immutable-radix
  version: 30664b879c9a771d8d50b137ab80ee0748cb2fcc
- name: github.com/hashicorp/go-memdb
  version: e889dc5b880d6619aa3ccc653d802ae172c0904c
- name: github.com/hashicorp/go-msgpack
  version: fa3f63826f7c23912c15263591e65d54d080b458
  subpackages:
  - codec
- name: github.com/hashicorp/go-multierror
  version: ed905158d87462226a13fe39ddf685ea65f1c11f
- name: github.com/hashicorp/go-rootcerts
  version: 6bb64b370b90e7ef1fa532be9e591a81c3493e00
- name: github.com/hashicorp/go-sockaddr
  version: 2d10d7c10258d11196c0ebf2943509e4afd06cd4
- name: github.com/hashicorp/go-version
  version: 03c5bf6be031b6dd45afec16b1cf94fc8938bc77
- name: github.com/hashicorp/golang-lru
  version: 0a025b7e63adc15a622f29b0b2c4c3848243bbf6
  subpackages:
  - simplelru
- name: github.com/hashicorp/hcl
  version: 392dba7d905ed5d04a5794ba89f558b27e2ba1ca
  subpackages:
  - hcl/ast
  - hcl/parser
  - hcl/scanner
  - hcl/strconv
  - hcl/token
  - json/parser
  - json/scanner
  - json/token
- name: github.com/hashicorp/logutils
  version: 0dc08b1671f34c4250ce212759ebd880f743d883
- name: github.com/hashicorp/memberlist
  version: 16fe34d996eba2b68f6f46f26c51c617c6bc1bf0
- name: github.com/hashicorp/net-rpc-msgpackrpc
  version: a14192a58a694c123d8fe5481d4a4727d6ae82f3
- name: github.com/hashicorp/raft
  version: 37d2320db05ca622195063977ff5d4fbe0cd8ed8
- name: github.com/hashicorp/raft-boltdb
  version: df631556b57507bd5d0ed4f87468fd93ab025bef
- name: github.com/hashicorp/serf
  version: dfab144618a063232d5753eaa4250a09865106c5
  subpackages:
  - coordinate
  - serf
- name: github.com/hashicorp/yamux
  version: d1caa6c97c9fc1cc9e83bbe34d0603f9ff0ce8bd
- name: github.com/jmespath/go-jmespath
  version: bd40a432e4c76585ef6b72d3fd96fb9b6dc7b68d
- name: github.com/juju/errors
  version: 6f54ff6318409d31ff16261533ce2c8381a4fd5d
- name: github.com/mattn/go-isatty
  version: fc9e8d8ef48496124e79ae0df75490096eccf6fe
- name: github.com/miekg/dns
  version: 0c23f842c83e407f164c4dedae10077fef3612fe
- name: github.com/mitchellh/cli
  version: b481eac70eea3ad671b7c360a013f89bb759b252
- name: github.com/mitchellh/colorstring
  version: 8631ce90f28644f54aeedcb3e389a85174e067d1
- name: github.com/mitchellh/copystructure
  version: d23ffcb85de31694d6ccaa23ccb4a03e55c1303f
- name: github.com/mitchellh/go-homedir
  version: b8bc1bf767474819792c23f32d8286a45736f1c6
- name: github.com/mitchellh/go-testing-interface
  version: 477c2d05a845d8b55912a5a7993b9b24abcc5ef8
- name: github.com/mitchellh/hashstructure
  version: 9204ce590301a868e3e86938bc12eadd416b211e
- name: github.com/mitchellh/mapstructure
  version: d0303fe809921458f417bcf828397a65db30a7e4
- name: github.com/mitchellh/reflectwalk
  version: 8d802ff4ae93611b807597f639c19f76074df5c6
- name: github.com/nats-io/gnatsd
  version: 55404c70b0418a7017d05c504cf4a647afe91e25
  subpackages:
  - conf
  - logger
  - server
  - server/pse
  - util
- name: github.com/nats-io/go-nats
  version: f3801cfe56be7d73e544dc3165758b6f4a316ca8
  repo: https://github.com/nats-io/go-nats
  subpackages:
  - encoders/builtin
  - encoders/protobuf
  - util
- name: github.com/nats-io/go-nats-streaming
  version: c1b2b0c67dcf0a6b2eceb4f2e69d9d655cdfea55
  repo: https://github.com/nats-io/go-nats-streaming
  subpackages:
  - pb
- name: github.com/nats-io/nats-streaming-server
  version: b46db9dc898e6cd243ba78d47729dae1268b81a8
  subpackages:
  - server
  - spb
  - stores
  - util
- name: github.com/nats-io/nuid
  version: 289cccf02c178dc782430d534e3c1f5b72af807f
  repo: https://github.com/nats-io/nuid
- name: github.com/ngaut/log
  version: cec23d3e10b016363780d894a0eb732a12c06e02
- name: github.com/NYTimes/gziphandler
  version: 22d4470af89e09998fc16b35029df973932df4ae
- name: github.com/pingcap/goleveldb
  version: 158edde5a354460121af007d02a00b01c8d03443
  subpackages:
  - leveldb
  - leveldb/cache
  - leveldb/comparer
  - leveldb/errors
  - leveldb/filter
  - leveldb/iterator
  - leveldb/journal
  - leveldb/memdb
  - leveldb/opt
  - leveldb/storage
  - leveldb/table
  - leveldb/util
- name: github.com/pingcap/tidb
  version: e294500a1727dc52ac5dfb14faccf404a60f244b
  subpackages:
  - ast
  - context
  - kv
  - model
  - mysql
  - parser
  - parser/opcode
  - sessionctx/variable
  - terror
  - util
  - util/charset
  - util/hack
  - util/types
  - util/types/json
- name: github.com/ryanuber/columnize
  version: ddeb643de91b4ee0d9d87172c931a4ea3d81d49a
- name: github.com/satori/go.uuid
  version: 879c5887cd475cd7864858769793b2ceb0d44feb
- name: github.com/sean-/seed
  version: e2103e2c35297fb7e17febb81e49b312087a2372
- name: github.com/shirou/gopsutil
  version: e30b7839cd6161b2fbef5f187377a345157abe04
  subpackages:
  - cpu
  - host
  - internal/common
  - mem
  - net
  - process
- name: github.com/shirou/w32
  version: bb4de0191aa41b5507caa14b0650cdbddcd9280b
- name: github.com/siddontang/go
  version: 354e14e6c093c661abb29fd28403b3c19cff5514
  subpackages:
  - hack
  - ioutil2
  - sync2
- name: github.com/siddontang/go-mysql
  version: e83b1664b8fc96202159841d0a1306160fc3f859
  subpackages:
  - client
  - mysql
  - packet
  - replication
- name: github.com/StackExchange/wmi
  version: ea383cf3ba6ec950874b8486cd72356d007c768f
- name: github.com/ugorji/go
  version: 708a42d246822952f38190a8d8c4e6b16a0e600c
  subpackages:
  - codec
- name: golang.org/x/crypto
  version: 9477e0b78b9ac3d0b03822fd95422e2fe07627cd
  repo: https://go.googlesource.com/crypto
  subpackages:
  - bcrypt
  - blowfish
- name: golang.org/x/net
  version: 6acef71eb69611914f7a30939ea9f6e194c78172
  subpackages:
  - context
- name: golang.org/x/sys
  version: d75a52659825e75fff6158388dddc6a5b04f9ba5
  repo: https://go.googlesource.com/sys
  subpackages:
  - unix
  - windows
  - windows/registry
  - windows/svc/eventlog
- name: golang.org/x/text
  version: 723492b65e225eafcba054e76ba18bb9c5ac1ea2
  subpackages:
  - encoding
  - encoding/charmap
  - encoding/internal
  - encoding/internal/identifier
  - encoding/japanese
  - encoding/korean
  - encoding/simplifiedchinese
  - encoding/traditionalchinese
  - encoding/unicode
  - transform
testImports:
- name: github.com/outbrain/golib
  version: 2418949ac30d9933e7412ccce41f1aa2ae8d5ae8
  subpackages:
  - tests
